
Microsoft Visual Studio Solution File, Format Version 12.00
Project("{FAE04EC0-301F-11D3-BF4B-00C04F79EFBC}") = "Game.World", "Game.World\Game.World.csproj", "{407B0D28-2DCD-4ED0-BD2C-4254E1297A37}"
EndProject
Project("{FAE04EC0-301F-11D3-BF4B-00C04F79EFBC}") = "Server.Starter", "Server.Starter\Server.Starter.csproj", "{9AFE0665-CC93-483E-A81E-869F00423F69}"
EndProject
Project("{FAE04EC0-301F-11D3-BF4B-00C04F79EFBC}") = "Test", "Test\Test.csproj", "{69DC2CB7-562A-4890-B0D3-DDF99D72AA9A}"
EndProject
Project("{FAE04EC0-301F-11D3-BF4B-00C04F79EFBC}") = "Server.Event", "Server.Event\Server.Event.csproj", "{D80C5C98-22B2-4E30-9EB4-35F44EEE9B17}"
EndProject
Project("{FAE04EC0-301F-11D3-BF4B-00C04F79EFBC}") = "Server.Util", "Server.Util\Server.Util.csproj", "{4AF1C99F-C294-44B5-9F01-4E6719DE0DAA}"
EndProject
Project("{FAE04EC0-301F-11D3-BF4B-00C04F79EFBC}") = "Core.Item", "Core.Item\Core.Item.csproj", "{A9AD78E3-165B-48F4-927F-AC7EFEBD7595}"
EndProject
Project("{FAE04EC0-301F-11D3-BF4B-00C04F79EFBC}") = "Core.ConfigPath", "Core.ConfigPath\Core.ConfigPath.csproj", "{A0A2C6F4-AAA1-430C-8DAF-034CF14D192E}"
EndProject
Project("{FAE04EC0-301F-11D3-BF4B-00C04F79EFBC}") = "Core.Block", "Core.Block\Core.Block.csproj", "{BFB5F1B9-4450-45A4-972A-9C53A82296E9}"
EndProject
Project("{FAE04EC0-301F-11D3-BF4B-00C04F79EFBC}") = "Core.Block.Config", "Core.Block.Config\Core.Block.Config.csproj", "{AE5E4863-506F-4CF1-A96A-4B284921D2AF}"
EndProject
Project("{FAE04EC0-301F-11D3-BF4B-00C04F79EFBC}") = "Core.Block.RecipeConfig", "Core.Block.RecipeConfig\Core.Block.RecipeConfig.csproj", "{ABC2B0ED-65D8-4D7B-AFF6-52D0FAC246B7}"
EndProject
Project("{FAE04EC0-301F-11D3-BF4B-00C04F79EFBC}") = "Core.Block.BlockConst", "Core.Block.BlockConst\Core.Block.BlockConst.csproj", "{C912752C-2466-45CA-ACA6-138FFC1F6CDF}"
EndProject
Project("{FAE04EC0-301F-11D3-BF4B-00C04F79EFBC}") = "Core.Update", "Core.Update\Core.Update.csproj", "{62E687A2-B448-41C0-8A7A-52A812389616}"
EndProject
Project("{FAE04EC0-301F-11D3-BF4B-00C04F79EFBC}") = "Core.Electric", "Core.Electric\Core.Electric.csproj", "{9C2A2B7F-EDEF-4497-8576-0C9157D40CF8}"
EndProject
Project("{2150E333-8FDC-42A3-9474-1A3956D46DE8}") = "Core", "Core", "{6D142E32-204D-41A7-B121-423F9A073676}"
ProjectSection(SolutionItems) = preProject
	class diagram.drawio = class diagram.drawio
	class diagram.puml = class diagram.puml
EndProjectSection
EndProject
Project("{2150E333-8FDC-42A3-9474-1A3956D46DE8}") = "Block", "Block", "{C0EAA04D-2C4C-4EED-9AEF-B00D7BB450CA}"
EndProject
Project("{2150E333-8FDC-42A3-9474-1A3956D46DE8}") = "Server", "Server", "{902BF189-8C08-459A-88AF-98CEC5BE8417}"
EndProject
Project("{FAE04EC0-301F-11D3-BF4B-00C04F79EFBC}") = "Game.PlayerInventory", "Game.PlayerInventory\Game.PlayerInventory.csproj", "{79CDD544-4E7E-4C86-A0BE-3D88C6254714}"
EndProject
Project("{2150E333-8FDC-42A3-9474-1A3956D46DE8}") = "Game", "Game", "{F79506AA-F55C-405A-93E8-D7E8BEA83356}"
EndProject
Project("{FAE04EC0-301F-11D3-BF4B-00C04F79EFBC}") = "Core.Inventory", "Core\Core.Inventory\Core.Inventory.csproj", "{18B4AD12-1EC4-448F-AEB5-C4E241F44700}"
EndProject
Project("{FAE04EC0-301F-11D3-BF4B-00C04F79EFBC}") = "Game.Save", "Game.Save\Game.Save.csproj", "{EE93BBB2-9444-456F-9A8F-D9DA1CEB6381}"
EndProject
Project("{FAE04EC0-301F-11D3-BF4B-00C04F79EFBC}") = "Game.Save.Interface", "Game.Save.Interface\Game.Save.Interface.csproj", "{3629DF35-7393-485F-969C-0DC2304A77A1}"
EndProject
Project("{FAE04EC0-301F-11D3-BF4B-00C04F79EFBC}") = "Game.World.Interface", "Game.World.Interface\Game.World.Interface.csproj", "{0CD26A94-8433-4278-86C9-08F3BCE0B21B}"
EndProject
Project("{FAE04EC0-301F-11D3-BF4B-00C04F79EFBC}") = "Server.Protocol", "Server.Protocol\Server.Protocol.csproj", "{82026C55-E801-4547-9899-E3CBAE9D1CA0}"
EndProject
Project("{FAE04EC0-301F-11D3-BF4B-00C04F79EFBC}") = "Game.PlayerInventory.Interface", "Game.PlayerInventory.Interface\Game.PlayerInventory.Interface.csproj", "{D3720EF1-5F73-4769-8CF4-1DBA0BA09D9C}"
EndProject
Project("{FAE04EC0-301F-11D3-BF4B-00C04F79EFBC}") = "Test.Module", "Test.Module\Test.Module.csproj", "{1B91EC85-A5F2-4853-84DB-57F3FF14DC21}"
EndProject
Project("{FAE04EC0-301F-11D3-BF4B-00C04F79EFBC}") = "Game.WorldMap", "Game.WorldMap\Game.WorldMap.csproj", "{2261CD9C-62B1-490C-A53E-720260463CFC}"
EndProject
Project("{FAE04EC0-301F-11D3-BF4B-00C04F79EFBC}") = "Core.Ore", "Core\Core.Ore\Core.Ore.csproj", "{3CB44705-91A6-493E-803F-43E290F7F3DC}"
EndProject
Global
	GlobalSection(SolutionConfigurationPlatforms) = preSolution
		Debug|Any CPU = Debug|Any CPU
		Release|Any CPU = Release|Any CPU
	EndGlobalSection
	GlobalSection(ProjectConfigurationPlatforms) = postSolution
		{407B0D28-2DCD-4ED0-BD2C-4254E1297A37}.Debug|Any CPU.ActiveCfg = Debug|Any CPU
		{407B0D28-2DCD-4ED0-BD2C-4254E1297A37}.Debug|Any CPU.Build.0 = Debug|Any CPU
		{407B0D28-2DCD-4ED0-BD2C-4254E1297A37}.Release|Any CPU.ActiveCfg = Release|Any CPU
		{407B0D28-2DCD-4ED0-BD2C-4254E1297A37}.Release|Any CPU.Build.0 = Release|Any CPU
		{9AFE0665-CC93-483E-A81E-869F00423F69}.Debug|Any CPU.ActiveCfg = Debug|Any CPU
		{9AFE0665-CC93-483E-A81E-869F00423F69}.Debug|Any CPU.Build.0 = Debug|Any CPU
		{9AFE0665-CC93-483E-A81E-869F00423F69}.Release|Any CPU.ActiveCfg = Release|Any CPU
		{9AFE0665-CC93-483E-A81E-869F00423F69}.Release|Any CPU.Build.0 = Release|Any CPU
		{69DC2CB7-562A-4890-B0D3-DDF99D72AA9A}.Debug|Any CPU.ActiveCfg = Debug|Any CPU
		{69DC2CB7-562A-4890-B0D3-DDF99D72AA9A}.Debug|Any CPU.Build.0 = Debug|Any CPU
		{69DC2CB7-562A-4890-B0D3-DDF99D72AA9A}.Release|Any CPU.ActiveCfg = Release|Any CPU
		{69DC2CB7-562A-4890-B0D3-DDF99D72AA9A}.Release|Any CPU.Build.0 = Release|Any CPU
		{D80C5C98-22B2-4E30-9EB4-35F44EEE9B17}.Debug|Any CPU.ActiveCfg = Debug|Any CPU
		{D80C5C98-22B2-4E30-9EB4-35F44EEE9B17}.Debug|Any CPU.Build.0 = Debug|Any CPU
		{D80C5C98-22B2-4E30-9EB4-35F44EEE9B17}.Release|Any CPU.ActiveCfg = Release|Any CPU
		{D80C5C98-22B2-4E30-9EB4-35F44EEE9B17}.Release|Any CPU.Build.0 = Release|Any CPU
		{4AF1C99F-C294-44B5-9F01-4E6719DE0DAA}.Debug|Any CPU.ActiveCfg = Debug|Any CPU
		{4AF1C99F-C294-44B5-9F01-4E6719DE0DAA}.Debug|Any CPU.Build.0 = Debug|Any CPU
		{4AF1C99F-C294-44B5-9F01-4E6719DE0DAA}.Release|Any CPU.ActiveCfg = Release|Any CPU
		{4AF1C99F-C294-44B5-9F01-4E6719DE0DAA}.Release|Any CPU.Build.0 = Release|Any CPU
		{A9AD78E3-165B-48F4-927F-AC7EFEBD7595}.Debug|Any CPU.ActiveCfg = Debug|Any CPU
		{A9AD78E3-165B-48F4-927F-AC7EFEBD7595}.Debug|Any CPU.Build.0 = Debug|Any CPU
		{A9AD78E3-165B-48F4-927F-AC7EFEBD7595}.Release|Any CPU.ActiveCfg = Release|Any CPU
		{A9AD78E3-165B-48F4-927F-AC7EFEBD7595}.Release|Any CPU.Build.0 = Release|Any CPU
		{A0A2C6F4-AAA1-430C-8DAF-034CF14D192E}.Debug|Any CPU.ActiveCfg = Debug|Any CPU
		{A0A2C6F4-AAA1-430C-8DAF-034CF14D192E}.Debug|Any CPU.Build.0 = Debug|Any CPU
		{A0A2C6F4-AAA1-430C-8DAF-034CF14D192E}.Release|Any CPU.ActiveCfg = Release|Any CPU
		{A0A2C6F4-AAA1-430C-8DAF-034CF14D192E}.Release|Any CPU.Build.0 = Release|Any CPU
		{BFB5F1B9-4450-45A4-972A-9C53A82296E9}.Debug|Any CPU.ActiveCfg = Debug|Any CPU
		{BFB5F1B9-4450-45A4-972A-9C53A82296E9}.Debug|Any CPU.Build.0 = Debug|Any CPU
		{BFB5F1B9-4450-45A4-972A-9C53A82296E9}.Release|Any CPU.ActiveCfg = Release|Any CPU
		{BFB5F1B9-4450-45A4-972A-9C53A82296E9}.Release|Any CPU.Build.0 = Release|Any CPU
		{AE5E4863-506F-4CF1-A96A-4B284921D2AF}.Debug|Any CPU.ActiveCfg = Debug|Any CPU
		{AE5E4863-506F-4CF1-A96A-4B284921D2AF}.Debug|Any CPU.Build.0 = Debug|Any CPU
		{AE5E4863-506F-4CF1-A96A-4B284921D2AF}.Release|Any CPU.ActiveCfg = Release|Any CPU
		{AE5E4863-506F-4CF1-A96A-4B284921D2AF}.Release|Any CPU.Build.0 = Release|Any CPU
		{ABC2B0ED-65D8-4D7B-AFF6-52D0FAC246B7}.Debug|Any CPU.ActiveCfg = Debug|Any CPU
		{ABC2B0ED-65D8-4D7B-AFF6-52D0FAC246B7}.Debug|Any CPU.Build.0 = Debug|Any CPU
		{ABC2B0ED-65D8-4D7B-AFF6-52D0FAC246B7}.Release|Any CPU.ActiveCfg = Release|Any CPU
		{ABC2B0ED-65D8-4D7B-AFF6-52D0FAC246B7}.Release|Any CPU.Build.0 = Release|Any CPU
		{C912752C-2466-45CA-ACA6-138FFC1F6CDF}.Debug|Any CPU.ActiveCfg = Debug|Any CPU
		{C912752C-2466-45CA-ACA6-138FFC1F6CDF}.Debug|Any CPU.Build.0 = Debug|Any CPU
		{C912752C-2466-45CA-ACA6-138FFC1F6CDF}.Release|Any CPU.ActiveCfg = Release|Any CPU
		{C912752C-2466-45CA-ACA6-138FFC1F6CDF}.Release|Any CPU.Build.0 = Release|Any CPU
		{62E687A2-B448-41C0-8A7A-52A812389616}.Debug|Any CPU.ActiveCfg = Debug|Any CPU
		{62E687A2-B448-41C0-8A7A-52A812389616}.Debug|Any CPU.Build.0 = Debug|Any CPU
		{62E687A2-B448-41C0-8A7A-52A812389616}.Release|Any CPU.ActiveCfg = Release|Any CPU
		{62E687A2-B448-41C0-8A7A-52A812389616}.Release|Any CPU.Build.0 = Release|Any CPU
		{9C2A2B7F-EDEF-4497-8576-0C9157D40CF8}.Debug|Any CPU.ActiveCfg = Debug|Any CPU
		{9C2A2B7F-EDEF-4497-8576-0C9157D40CF8}.Debug|Any CPU.Build.0 = Debug|Any CPU
		{9C2A2B7F-EDEF-4497-8576-0C9157D40CF8}.Release|Any CPU.ActiveCfg = Release|Any CPU
		{9C2A2B7F-EDEF-4497-8576-0C9157D40CF8}.Release|Any CPU.Build.0 = Release|Any CPU
		{79CDD544-4E7E-4C86-A0BE-3D88C6254714}.Debug|Any CPU.ActiveCfg = Debug|Any CPU
		{79CDD544-4E7E-4C86-A0BE-3D88C6254714}.Debug|Any CPU.Build.0 = Debug|Any CPU
		{79CDD544-4E7E-4C86-A0BE-3D88C6254714}.Release|Any CPU.ActiveCfg = Release|Any CPU
		{79CDD544-4E7E-4C86-A0BE-3D88C6254714}.Release|Any CPU.Build.0 = Release|Any CPU
		{18B4AD12-1EC4-448F-AEB5-C4E241F44700}.Debug|Any CPU.ActiveCfg = Debug|Any CPU
		{18B4AD12-1EC4-448F-AEB5-C4E241F44700}.Debug|Any CPU.Build.0 = Debug|Any CPU
		{18B4AD12-1EC4-448F-AEB5-C4E241F44700}.Release|Any CPU.ActiveCfg = Release|Any CPU
		{18B4AD12-1EC4-448F-AEB5-C4E241F44700}.Release|Any CPU.Build.0 = Release|Any CPU
		{EE93BBB2-9444-456F-9A8F-D9DA1CEB6381}.Debug|Any CPU.ActiveCfg = Debug|Any CPU
		{EE93BBB2-9444-456F-9A8F-D9DA1CEB6381}.Debug|Any CPU.Build.0 = Debug|Any CPU
		{EE93BBB2-9444-456F-9A8F-D9DA1CEB6381}.Release|Any CPU.ActiveCfg = Release|Any CPU
		{EE93BBB2-9444-456F-9A8F-D9DA1CEB6381}.Release|Any CPU.Build.0 = Release|Any CPU
		{3629DF35-7393-485F-969C-0DC2304A77A1}.Debug|Any CPU.ActiveCfg = Debug|Any CPU
		{3629DF35-7393-485F-969C-0DC2304A77A1}.Debug|Any CPU.Build.0 = Debug|Any CPU
		{3629DF35-7393-485F-969C-0DC2304A77A1}.Release|Any CPU.ActiveCfg = Release|Any CPU
		{3629DF35-7393-485F-969C-0DC2304A77A1}.Release|Any CPU.Build.0 = Release|Any CPU
		{0CD26A94-8433-4278-86C9-08F3BCE0B21B}.Debug|Any CPU.ActiveCfg = Debug|Any CPU
		{0CD26A94-8433-4278-86C9-08F3BCE0B21B}.Debug|Any CPU.Build.0 = Debug|Any CPU
		{0CD26A94-8433-4278-86C9-08F3BCE0B21B}.Release|Any CPU.ActiveCfg = Release|Any CPU
		{0CD26A94-8433-4278-86C9-08F3BCE0B21B}.Release|Any CPU.Build.0 = Release|Any CPU
		{82026C55-E801-4547-9899-E3CBAE9D1CA0}.Debug|Any CPU.ActiveCfg = Debug|Any CPU
		{82026C55-E801-4547-9899-E3CBAE9D1CA0}.Debug|Any CPU.Build.0 = Debug|Any CPU
		{82026C55-E801-4547-9899-E3CBAE9D1CA0}.Release|Any CPU.ActiveCfg = Release|Any CPU
		{82026C55-E801-4547-9899-E3CBAE9D1CA0}.Release|Any CPU.Build.0 = Release|Any CPU
		{D3720EF1-5F73-4769-8CF4-1DBA0BA09D9C}.Debug|Any CPU.ActiveCfg = Debug|Any CPU
		{D3720EF1-5F73-4769-8CF4-1DBA0BA09D9C}.Debug|Any CPU.Build.0 = Debug|Any CPU
		{D3720EF1-5F73-4769-8CF4-1DBA0BA09D9C}.Release|Any CPU.ActiveCfg = Release|Any CPU
		{D3720EF1-5F73-4769-8CF4-1DBA0BA09D9C}.Release|Any CPU.Build.0 = Release|Any CPU
		{1B91EC85-A5F2-4853-84DB-57F3FF14DC21}.Debug|Any CPU.ActiveCfg = Debug|Any CPU
		{1B91EC85-A5F2-4853-84DB-57F3FF14DC21}.Debug|Any CPU.Build.0 = Debug|Any CPU
		{1B91EC85-A5F2-4853-84DB-57F3FF14DC21}.Release|Any CPU.ActiveCfg = Release|Any CPU
		{1B91EC85-A5F2-4853-84DB-57F3FF14DC21}.Release|Any CPU.Build.0 = Release|Any CPU
		{2261CD9C-62B1-490C-A53E-720260463CFC}.Debug|Any CPU.ActiveCfg = Debug|Any CPU
		{2261CD9C-62B1-490C-A53E-720260463CFC}.Debug|Any CPU.Build.0 = Debug|Any CPU
		{2261CD9C-62B1-490C-A53E-720260463CFC}.Release|Any CPU.ActiveCfg = Release|Any CPU
		{2261CD9C-62B1-490C-A53E-720260463CFC}.Release|Any CPU.Build.0 = Release|Any CPU
		{3CB44705-91A6-493E-803F-43E290F7F3DC}.Debug|Any CPU.ActiveCfg = Debug|Any CPU
		{3CB44705-91A6-493E-803F-43E290F7F3DC}.Debug|Any CPU.Build.0 = Debug|Any CPU
		{3CB44705-91A6-493E-803F-43E290F7F3DC}.Release|Any CPU.ActiveCfg = Release|Any CPU
		{3CB44705-91A6-493E-803F-43E290F7F3DC}.Release|Any CPU.Build.0 = Release|Any CPU
	EndGlobalSection
	GlobalSection(NestedProjects) = preSolution
		{A0A2C6F4-AAA1-430C-8DAF-034CF14D192E} = {6D142E32-204D-41A7-B121-423F9A073676}
		{9C2A2B7F-EDEF-4497-8576-0C9157D40CF8} = {6D142E32-204D-41A7-B121-423F9A073676}
		{A9AD78E3-165B-48F4-927F-AC7EFEBD7595} = {6D142E32-204D-41A7-B121-423F9A073676}
		{62E687A2-B448-41C0-8A7A-52A812389616} = {6D142E32-204D-41A7-B121-423F9A073676}
		{C0EAA04D-2C4C-4EED-9AEF-B00D7BB450CA} = {6D142E32-204D-41A7-B121-423F9A073676}
		{BFB5F1B9-4450-45A4-972A-9C53A82296E9} = {C0EAA04D-2C4C-4EED-9AEF-B00D7BB450CA}
		{C912752C-2466-45CA-ACA6-138FFC1F6CDF} = {C0EAA04D-2C4C-4EED-9AEF-B00D7BB450CA}
		{AE5E4863-506F-4CF1-A96A-4B284921D2AF} = {C0EAA04D-2C4C-4EED-9AEF-B00D7BB450CA}
		{ABC2B0ED-65D8-4D7B-AFF6-52D0FAC246B7} = {C0EAA04D-2C4C-4EED-9AEF-B00D7BB450CA}
		{9AFE0665-CC93-483E-A81E-869F00423F69} = {902BF189-8C08-459A-88AF-98CEC5BE8417}
		{D80C5C98-22B2-4E30-9EB4-35F44EEE9B17} = {902BF189-8C08-459A-88AF-98CEC5BE8417}
		{4AF1C99F-C294-44B5-9F01-4E6719DE0DAA} = {902BF189-8C08-459A-88AF-98CEC5BE8417}
		{407B0D28-2DCD-4ED0-BD2C-4254E1297A37} = {F79506AA-F55C-405A-93E8-D7E8BEA83356}
		{79CDD544-4E7E-4C86-A0BE-3D88C6254714} = {F79506AA-F55C-405A-93E8-D7E8BEA83356}
		{18B4AD12-1EC4-448F-AEB5-C4E241F44700} = {6D142E32-204D-41A7-B121-423F9A073676}
		{EE93BBB2-9444-456F-9A8F-D9DA1CEB6381} = {F79506AA-F55C-405A-93E8-D7E8BEA83356}
		{3629DF35-7393-485F-969C-0DC2304A77A1} = {F79506AA-F55C-405A-93E8-D7E8BEA83356}
		{0CD26A94-8433-4278-86C9-08F3BCE0B21B} = {F79506AA-F55C-405A-93E8-D7E8BEA83356}
		{82026C55-E801-4547-9899-E3CBAE9D1CA0} = {902BF189-8C08-459A-88AF-98CEC5BE8417}
		{D3720EF1-5F73-4769-8CF4-1DBA0BA09D9C} = {F79506AA-F55C-405A-93E8-D7E8BEA83356}
		{2261CD9C-62B1-490C-A53E-720260463CFC} = {F79506AA-F55C-405A-93E8-D7E8BEA83356}
		{3CB44705-91A6-493E-803F-43E290F7F3DC} = {6D142E32-204D-41A7-B121-423F9A073676}
	EndGlobalSection
EndGlobal
