
Microsoft Visual Studio Solution File, Format Version 12.00
Project("{FAE04EC0-301F-11D3-BF4B-00C04F79EFBC}") = "mooresmaster.Generator", "mooresmaster.Generator\mooresmaster.Generator.csproj", "{58A5210E-8CE4-44C6-9AF4-D908BDF62048}"
EndProject
Project("{FAE04EC0-301F-11D3-BF4B-00C04F79EFBC}") = "mooresmaster.Tests", "mooresmaster.Tests\mooresmaster.Tests.csproj", "{C4D32DE8-231C-4AD5-B5C4-F6EF644DCD31}"
EndProject
Project("{FAE04EC0-301F-11D3-BF4B-00C04F79EFBC}") = "mooresmaster.SandBox", "mooresmaster.SandBox\mooresmaster.SandBox.csproj", "{0B9F00B8-20AC-40DA-BAC1-90DC5DCA557D}"
EndProject
Project("{FAE04EC0-301F-11D3-BF4B-00C04F79EFBC}") = "mooresmaster.error", "mooresmaster.error\mooresmaster.error.csproj", "{4092479F-F49A-4E2B-845B-146C760C09A1}"
EndProject
Global
	GlobalSection(SolutionConfigurationPlatforms) = preSolution
		Debug|Any CPU = Debug|Any CPU
		Release|Any CPU = Release|Any CPU
	EndGlobalSection
	GlobalSection(ProjectConfigurationPlatforms) = postSolution
		{58A5210E-8CE4-44C6-9AF4-D908BDF62048}.Debug|Any CPU.ActiveCfg = Debug|Any CPU
		{58A5210E-8CE4-44C6-9AF4-D908BDF62048}.Debug|Any CPU.Build.0 = Debug|Any CPU
		{58A5210E-8CE4-44C6-9AF4-D908BDF62048}.Release|Any CPU.ActiveCfg = Release|Any CPU
		{58A5210E-8CE4-44C6-9AF4-D908BDF62048}.Release|Any CPU.Build.0 = Release|Any CPU
		{C4D32DE8-231C-4AD5-B5C4-F6EF644DCD31}.Debug|Any CPU.ActiveCfg = Debug|Any CPU
		{C4D32DE8-231C-4AD5-B5C4-F6EF644DCD31}.Debug|Any CPU.Build.0 = Debug|Any CPU
		{C4D32DE8-231C-4AD5-B5C4-F6EF644DCD31}.Release|Any CPU.ActiveCfg = Release|Any CPU
		{C4D32DE8-231C-4AD5-B5C4-F6EF644DCD31}.Release|Any CPU.Build.0 = Release|Any CPU
		{0B9F00B8-20AC-40DA-BAC1-90DC5DCA557D}.Debug|Any CPU.ActiveCfg = Debug|Any CPU
		{0B9F00B8-20AC-40DA-BAC1-90DC5DCA557D}.Debug|Any CPU.Build.0 = Debug|Any CPU
		{0B9F00B8-20AC-40DA-BAC1-90DC5DCA557D}.Release|Any CPU.ActiveCfg = Release|Any CPU
		{0B9F00B8-20AC-40DA-BAC1-90DC5DCA557D}.Release|Any CPU.Build.0 = Release|Any CPU
		{4092479F-F49A-4E2B-845B-146C760C09A1}.Debug|Any CPU.ActiveCfg = Debug|Any CPU
		{4092479F-F49A-4E2B-845B-146C760C09A1}.Debug|Any CPU.Build.0 = Debug|Any CPU
		{4092479F-F49A-4E2B-845B-146C760C09A1}.Release|Any CPU.ActiveCfg = Release|Any CPU
		{4092479F-F49A-4E2B-845B-146C760C09A1}.Release|Any CPU.Build.0 = Release|Any CPU
	EndGlobalSection
EndGlobal
