<Solution>
  <Project Path="Client.Game.csproj" />
  <Project Path="Game.MapGeneration.csproj" />
  <Project Path="Game.UnlockState.csproj" />
  <Project Path="Client.Common.csproj" />
  <Project Path="Game.World.Interface.csproj" />
  <Project Path="Game.EnergySystem.csproj" />
  <Project Path="Client.Skit.csproj" />
  <Project Path="Server.Protocol.csproj" />
  <Project Path="Game.Train.csproj" />
  <Project Path="Client.Playtest.csproj" />
  <Project Path="Game.Blueprint.csproj" />
  <Project Path="Client.Starter.csproj" />
  <Project Path="Game.Block.Interface.csproj" />
  <Project Path="Game.Block.csproj" />
  <Project Path="Server.Tests.csproj" />
  <Project Path="Server.Boot.csproj" />
  <Project Path="Game.CleanRoom.csproj" />
  <Project Path="Client.Tests.csproj" />
  <Project Path="lilToon.Editor.csproj" />
  <Project Path="Core.Master.csproj" />
  <Project Path="Client.WebUiHost.csproj" />
  <Project Path="Client.Input.csproj" />
  <Project Path="YujiAp.ProjectWindowHistory.Editor.csproj" />
  <Project Path="Assembly-CSharp-Editor.csproj" />
  <Project Path="ThirdPersonController.csproj" />
  <Project Path="Game.Fluid.csproj" />
  <Project Path="Game.PlayerInventory.csproj" />
  <Project Path="Server.Event.csproj" />
  <Project Path="DOTween.Modules.csproj" />
  <Project Path="Assembly-CSharp.csproj" />
  <Project Path="Game.Entity.csproj" />
  <Project Path="Game.Challenge.csproj" />
  <Project Path="Core.Item.csproj" />
  <Project Path="Game.Gear.csproj" />
  <Project Path="Game.Entity.Interface.csproj" />
  <Project Path="Client.Network.csproj" />
  <Project Path="Server.Util.csproj" />
  <Project Path="Game.PlayerInventory.Interface.csproj" />
  <Project Path="Core.Item.Interface.csproj" />
  <Project Path="ClassLibrary.csproj" />
  <Project Path="Server.Editor.csproj" />
  <Project Path="Game.Map.Interface.csproj" />
  <Project Path="Client.Playtest.Overlay.csproj" />
  <Project Path="Game.PlayerRiding.Interface.csproj" />
  <Project Path="Game.Context.csproj" />
  <Project Path="Server.Tests.Module.csproj" />
  <Project Path="Game.SaveLoad.csproj" />
  <Project Path="Game.PlayerConnection.csproj" />
  <Project Path="Game.World.csproj" />
  <Project Path="Client.Localization.csproj" />
  <Project Path="Server.SchemaWatch.Editor.csproj" />
  <Project Path="Game.Map.csproj" />
  <Project Path="Core.Update.csproj" />
  <Project Path="Game.Action.csproj" />
  <Project Path="Game.SaveLoad.Interface.csproj" />
  <Project Path="Mod.Base.csproj" />
  <Project Path="Common.Debug.csproj" />
  <Project Path="Client.Mod.csproj" />
  <Project Path="Mod.Loader.csproj" />
  <Project Path="lilToon.Editor.External.csproj" />
  <Project Path="Game.Paths.csproj" />
  <Project Path="Client.CutScene.csproj" />
  <Project Path="Game.PlayerRiding.csproj" />
  <Project Path="Core.Inventory.csproj" />
  <Project Path="Mod.Config.csproj" />
  <Project Path="StarterAssetsInputs.csproj" />
  <Project Path="Game.Research.csproj" />
  <Project Path="Game.Crafting.Interface.csproj" />
</Solution>
